
Microsoft Visual Studio Solution File, Format Version 12.00
# Visual Studio Version 17
VisualStudioVersion = 17.8.34525.116
MinimumVisualStudioVersion = 10.0.40219.1
Project("{FAE04EC0-301F-11D3-BF4B-00C04F79EFBC}") = "TipoDeCha", "TipoDeCha.csproj", "{CE84BF03-317C-4332-A9C8-B9F15BE5833C}"
EndProject
Global
	GlobalSection(SolutionConfigurationPlatforms) = preSolution
		Debug|Any CPU = Debug|Any CPU
		Release|Any CPU = Release|Any CPU
	EndGlobalSection
	GlobalSection(ProjectConfigurationPlatforms) = postSolution
		{CE84BF03-317C-4332-A9C8-B9F15BE5833C}.Debug|Any CPU.ActiveCfg = Debug|Any CPU
		{CE84BF03-317C-4332-A9C8-B9F15BE5833C}.Debug|Any CPU.Build.0 = Debug|Any CPU
		{CE84BF03-317C-4332-A9C8-B9F15BE5833C}.Release|Any CPU.ActiveCfg = Release|Any CPU
		{CE84BF03-317C-4332-A9C8-B9F15BE5833C}.Release|Any CPU.Build.0 = Release|Any CPU
	EndGlobalSection
	GlobalSection(SolutionProperties) = preSolution
		HideSolutionNode = FALSE
	EndGlobalSection
	GlobalSection(ExtensibilityGlobals) = postSolution
		SolutionGuid = {E1CE8201-870B-471D-9B00-584A6797311E}
	EndGlobalSection
EndGlobal
