
Microsoft Visual Studio Solution File, Format Version 12.00
# Visual Studio Version 17
VisualStudioVersion = 17.8.34525.116
MinimumVisualStudioVersion = 10.0.40219.1
Project("{FAE04EC0-301F-11D3-BF4B-00C04F79EFBC}") = "Bee1010", "Bee1010.csproj", "{3BD33AB6-A96F-4F42-A873-B51226EB9DF3}"
EndProject
Global
	GlobalSection(SolutionConfigurationPlatforms) = preSolution
		Debug|Any CPU = Debug|Any CPU
		Release|Any CPU = Release|Any CPU
	EndGlobalSection
	GlobalSection(ProjectConfigurationPlatforms) = postSolution
		{3BD33AB6-A96F-4F42-A873-B51226EB9DF3}.Debug|Any CPU.ActiveCfg = Debug|Any CPU
		{3BD33AB6-A96F-4F42-A873-B51226EB9DF3}.Debug|Any CPU.Build.0 = Debug|Any CPU
		{3BD33AB6-A96F-4F42-A873-B51226EB9DF3}.Release|Any CPU.ActiveCfg = Release|Any CPU
		{3BD33AB6-A96F-4F42-A873-B51226EB9DF3}.Release|Any CPU.Build.0 = Release|Any CPU
	EndGlobalSection
	GlobalSection(SolutionProperties) = preSolution
		HideSolutionNode = FALSE
	EndGlobalSection
	GlobalSection(ExtensibilityGlobals) = postSolution
		SolutionGuid = {D49D288B-7655-4B24-903B-080613942ED1}
	EndGlobalSection
EndGlobal
